
Microsoft Visual Studio Solution File, Format Version 12.00
# Visual Studio Version 17
VisualStudioVersion = 17.3.32804.467
MinimumVisualStudioVersion = 10.0.40219.1
Project("{FAE04EC0-301F-11D3-BF4B-00C04F79EFBC}") = "Florea_Robert_Tema2", "Florea_Robert_Tema2\Florea_Robert_Tema2.csproj", "{E4D7FFC1-1ADB-43A5-8DB4-81573C05DA3F}"
EndProject
Global
	GlobalSection(SolutionConfigurationPlatforms) = preSolution
		Debug|Any CPU = Debug|Any CPU
		Release|Any CPU = Release|Any CPU
	EndGlobalSection
	GlobalSection(ProjectConfigurationPlatforms) = postSolution
		{E4D7FFC1-1ADB-43A5-8DB4-81573C05DA3F}.Debug|Any CPU.ActiveCfg = Debug|Any CPU
		{E4D7FFC1-1ADB-43A5-8DB4-81573C05DA3F}.Debug|Any CPU.Build.0 = Debug|Any CPU
		{E4D7FFC1-1ADB-43A5-8DB4-81573C05DA3F}.Release|Any CPU.ActiveCfg = Release|Any CPU
		{E4D7FFC1-1ADB-43A5-8DB4-81573C05DA3F}.Release|Any CPU.Build.0 = Release|Any CPU
	EndGlobalSection
	GlobalSection(SolutionProperties) = preSolution
		HideSolutionNode = FALSE
	EndGlobalSection
	GlobalSection(ExtensibilityGlobals) = postSolution
		SolutionGuid = {817284AA-7E58-439B-9664-14401A808AEA}
	EndGlobalSection
EndGlobal
